
Microsoft Visual Studio Solution File, Format Version 12.00
# Visual Studio Version 16
VisualStudioVersion = 16.0.28803.452
MinimumVisualStudioVersion = 10.0.40219.1
Project("{FAE04EC0-301F-11D3-BF4B-00C04F79EFBC}") = "App.Android", "App\App.Android\App.Android.csproj", "{708BBA8E-1221-4CF3-ACFC-FC75113F72E3}"
EndProject
Project("{FAE04EC0-301F-11D3-BF4B-00C04F79EFBC}") = "App.iOS", "App\App.iOS\App.iOS.csproj", "{C90F70B9-59A1-4F1B-AB27-6939CCDAAF69}"
EndProject
Project("{FAE04EC0-301F-11D3-BF4B-00C04F79EFBC}") = "App", "App\App\App.csproj", "{D5F9F0F7-6332-45E1-8492-64C19B467B93}"
EndProject
Global
	GlobalSection(SolutionConfigurationPlatforms) = preSolution
		Debug|Any CPU = Debug|Any CPU
		Debug|iPhone = Debug|iPhone
		Debug|iPhoneSimulator = Debug|iPhoneSimulator
		Release|Any CPU = Release|Any CPU
		Release|iPhone = Release|iPhone
		Release|iPhoneSimulator = Release|iPhoneSimulator
	EndGlobalSection
	GlobalSection(ProjectConfigurationPlatforms) = postSolution
		{708BBA8E-1221-4CF3-ACFC-FC75113F72E3}.Debug|Any CPU.ActiveCfg = Debug|Any CPU
		{708BBA8E-1221-4CF3-ACFC-FC75113F72E3}.Debug|Any CPU.Build.0 = Debug|Any CPU
		{708BBA8E-1221-4CF3-ACFC-FC75113F72E3}.Debug|Any CPU.Deploy.0 = Debug|Any CPU
		{708BBA8E-1221-4CF3-ACFC-FC75113F72E3}.Debug|iPhone.ActiveCfg = Debug|Any CPU
		{708BBA8E-1221-4CF3-ACFC-FC75113F72E3}.Debug|iPhone.Build.0 = Debug|Any CPU
		{708BBA8E-1221-4CF3-ACFC-FC75113F72E3}.Debug|iPhone.Deploy.0 = Debug|Any CPU
		{708BBA8E-1221-4CF3-ACFC-FC75113F72E3}.Debug|iPhoneSimulator.ActiveCfg = Debug|Any CPU
		{708BBA8E-1221-4CF3-ACFC-FC75113F72E3}.Debug|iPhoneSimulator.Build.0 = Debug|Any CPU
		{708BBA8E-1221-4CF3-ACFC-FC75113F72E3}.Debug|iPhoneSimulator.Deploy.0 = Debug|Any CPU
		{708BBA8E-1221-4CF3-ACFC-FC75113F72E3}.Release|Any CPU.ActiveCfg = Release|Any CPU
		{708BBA8E-1221-4CF3-ACFC-FC75113F72E3}.Release|Any CPU.Build.0 = Release|Any CPU
		{708BBA8E-1221-4CF3-ACFC-FC75113F72E3}.Release|Any CPU.Deploy.0 = Release|Any CPU
		{708BBA8E-1221-4CF3-ACFC-FC75113F72E3}.Release|iPhone.ActiveCfg = Release|Any CPU
		{708BBA8E-1221-4CF3-ACFC-FC75113F72E3}.Release|iPhone.Build.0 = Release|Any CPU
		{708BBA8E-1221-4CF3-ACFC-FC75113F72E3}.Release|iPhone.Deploy.0 = Release|Any CPU
		{708BBA8E-1221-4CF3-ACFC-FC75113F72E3}.Release|iPhoneSimulator.ActiveCfg = Release|Any CPU
		{708BBA8E-1221-4CF3-ACFC-FC75113F72E3}.Release|iPhoneSimulator.Build.0 = Release|Any CPU
		{708BBA8E-1221-4CF3-ACFC-FC75113F72E3}.Release|iPhoneSimulator.Deploy.0 = Release|Any CPU
		{C90F70B9-59A1-4F1B-AB27-6939CCDAAF69}.Debug|Any CPU.ActiveCfg = Debug|iPhoneSimulator
		{C90F70B9-59A1-4F1B-AB27-6939CCDAAF69}.Debug|Any CPU.Build.0 = Debug|iPhoneSimulator
		{C90F70B9-59A1-4F1B-AB27-6939CCDAAF69}.Debug|Any CPU.Deploy.0 = Debug|iPhoneSimulator
		{C90F70B9-59A1-4F1B-AB27-6939CCDAAF69}.Debug|iPhone.ActiveCfg = Debug|iPhone
		{C90F70B9-59A1-4F1B-AB27-6939CCDAAF69}.Debug|iPhone.Build.0 = Debug|iPhone
		{C90F70B9-59A1-4F1B-AB27-6939CCDAAF69}.Debug|iPhone.Deploy.0 = Debug|iPhone
		{C90F70B9-59A1-4F1B-AB27-6939CCDAAF69}.Debug|iPhoneSimulator.ActiveCfg = Debug|iPhoneSimulator
		{C90F70B9-59A1-4F1B-AB27-6939CCDAAF69}.Debug|iPhoneSimulator.Build.0 = Debug|iPhoneSimulator
		{C90F70B9-59A1-4F1B-AB27-6939CCDAAF69}.Debug|iPhoneSimulator.Deploy.0 = Debug|iPhoneSimulator
		{C90F70B9-59A1-4F1B-AB27-6939CCDAAF69}.Release|Any CPU.ActiveCfg = Release|iPhone
		{C90F70B9-59A1-4F1B-AB27-6939CCDAAF69}.Release|Any CPU.Build.0 = Release|iPhone
		{C90F70B9-59A1-4F1B-AB27-6939CCDAAF69}.Release|Any CPU.Deploy.0 = Release|iPhone
		{C90F70B9-59A1-4F1B-AB27-6939CCDAAF69}.Release|iPhone.ActiveCfg = Release|iPhone
		{C90F70B9-59A1-4F1B-AB27-6939CCDAAF69}.Release|iPhone.Build.0 = Release|iPhone
		{C90F70B9-59A1-4F1B-AB27-6939CCDAAF69}.Release|iPhone.Deploy.0 = Release|iPhone
		{C90F70B9-59A1-4F1B-AB27-6939CCDAAF69}.Release|iPhoneSimulator.ActiveCfg = Release|iPhoneSimulator
		{C90F70B9-59A1-4F1B-AB27-6939CCDAAF69}.Release|iPhoneSimulator.Build.0 = Release|iPhoneSimulator
		{C90F70B9-59A1-4F1B-AB27-6939CCDAAF69}.Release|iPhoneSimulator.Deploy.0 = Release|iPhoneSimulator
		{D5F9F0F7-6332-45E1-8492-64C19B467B93}.Debug|Any CPU.ActiveCfg = Debug|Any CPU
		{D5F9F0F7-6332-45E1-8492-64C19B467B93}.Debug|Any CPU.Build.0 = Debug|Any CPU
		{D5F9F0F7-6332-45E1-8492-64C19B467B93}.Debug|Any CPU.Deploy.0 = Debug|Any CPU
		{D5F9F0F7-6332-45E1-8492-64C19B467B93}.Debug|iPhone.ActiveCfg = Debug|Any CPU
		{D5F9F0F7-6332-45E1-8492-64C19B467B93}.Debug|iPhone.Build.0 = Debug|Any CPU
		{D5F9F0F7-6332-45E1-8492-64C19B467B93}.Debug|iPhone.Deploy.0 = Debug|Any CPU
		{D5F9F0F7-6332-45E1-8492-64C19B467B93}.Debug|iPhoneSimulator.ActiveCfg = Debug|Any CPU
		{D5F9F0F7-6332-45E1-8492-64C19B467B93}.Debug|iPhoneSimulator.Build.0 = Debug|Any CPU
		{D5F9F0F7-6332-45E1-8492-64C19B467B93}.Debug|iPhoneSimulator.Deploy.0 = Debug|Any CPU
		{D5F9F0F7-6332-45E1-8492-64C19B467B93}.Release|Any CPU.ActiveCfg = Release|Any CPU
		{D5F9F0F7-6332-45E1-8492-64C19B467B93}.Release|Any CPU.Build.0 = Release|Any CPU
		{D5F9F0F7-6332-45E1-8492-64C19B467B93}.Release|Any CPU.Deploy.0 = Release|Any CPU
		{D5F9F0F7-6332-45E1-8492-64C19B467B93}.Release|iPhone.ActiveCfg = Release|Any CPU
		{D5F9F0F7-6332-45E1-8492-64C19B467B93}.Release|iPhone.Build.0 = Release|Any CPU
		{D5F9F0F7-6332-45E1-8492-64C19B467B93}.Release|iPhone.Deploy.0 = Release|Any CPU
		{D5F9F0F7-6332-45E1-8492-64C19B467B93}.Release|iPhoneSimulator.ActiveCfg = Release|Any CPU
		{D5F9F0F7-6332-45E1-8492-64C19B467B93}.Release|iPhoneSimulator.Build.0 = Release|Any CPU
		{D5F9F0F7-6332-45E1-8492-64C19B467B93}.Release|iPhoneSimulator.Deploy.0 = Release|Any CPU
	EndGlobalSection
	GlobalSection(SolutionProperties) = preSolution
		HideSolutionNode = FALSE
	EndGlobalSection
	GlobalSection(ExtensibilityGlobals) = postSolution
		SolutionGuid = {B09EE1AA-5543-4650-8B59-44DD30228E45}
	EndGlobalSection
EndGlobal
